// !$*UTF8*$!
{
	archiveVersion = 1;
	classes = {
	};
	objectVersion = 56;
	objects = {

/* Begin PBXBuildFile section */
		D31884BE2AF509A100AFE758 /* main.swift in Sources */ = {isa = PBXBuildFile; fileRef = D31884BD2AF509A100AFE758 /* main.swift */; };
		D31884C52AF509F800AFE758 /* Model.swift in Sources */ = {isa = PBXBuildFile; fileRef = D31884C42AF509F800AFE758 /* Model.swift */; };
		D31884C72AF50A4200AFE758 /* Element.swift in Sources */ = {isa = PBXBuildFile; fileRef = D31884C62AF50A4200AFE758 /* Element.swift */; };
		D31884C92AF50CDC00AFE758 /* Distribution.swift in Sources */ = {isa = PBXBuildFile; fileRef = D31884C82AF50CDC00AFE758 /* Distribution.swift */; };
		D31884CB2AF50EED00AFE758 /* Create.swift in Sources */ = {isa = PBXBuildFile; fileRef = D31884CA2AF50EED00AFE758 /* Create.swift */; };
		D31884CD2AF5174000AFE758 /* FunRand.swift in Sources */ = {isa = PBXBuildFile; fileRef = D31884CC2AF5174000AFE758 /* FunRand.swift */; };
		D39C0E622AFFD03B00942BBA /* NextElementsChooseType.swift in Sources */ = {isa = PBXBuildFile; fileRef = D39C0E612AFFD03B00942BBA /* NextElementsChooseType.swift */; };
		D39C0E652AFFED4000942BBA /* NextElement.swift in Sources */ = {isa = PBXBuildFile; fileRef = D39C0E642AFFED4000942BBA /* NextElement.swift */; };
		D3F34FCC2AF5275E00B0F9AE /* Process.swift in Sources */ = {isa = PBXBuildFile; fileRef = D3F34FCB2AF5275E00B0F9AE /* Process.swift */; };
/* End PBXBuildFile section */

/* Begin PBXCopyFilesBuildPhase section */
		D31884B82AF509A100AFE758 /* CopyFiles */ = {
			isa = PBXCopyFilesBuildPhase;
			buildActionMask = 2147483647;
			dstPath = /usr/share/man/man1/;
			dstSubfolderSpec = 0;
			files = (
			);
			runOnlyForDeploymentPostprocessing = 1;
		};
/* End PBXCopyFilesBuildPhase section */

/* Begin PBXFileReference section */
		D31884BA2AF509A100AFE758 /* System Modelling */ = {isa = PBXFileReference; explicitFileType = "compiled.mach-o.executable"; includeInIndex = 0; path = "System Modelling"; sourceTree = BUILT_PRODUCTS_DIR; };
		D31884BD2AF509A100AFE758 /* main.swift */ = {isa = PBXFileReference; lastKnownFileType = sourcecode.swift; path = main.swift; sourceTree = "<group>"; };
		D31884C42AF509F800AFE758 /* Model.swift */ = {isa = PBXFileReference; lastKnownFileType = sourcecode.swift; path = Model.swift; sourceTree = "<group>"; };
		D31884C62AF50A4200AFE758 /* Element.swift */ = {isa = PBXFileReference; lastKnownFileType = sourcecode.swift; path = Element.swift; sourceTree = "<group>"; };
		D31884C82AF50CDC00AFE758 /* Distribution.swift */ = {isa = PBXFileReference; lastKnownFileType = sourcecode.swift; path = Distribution.swift; sourceTree = "<group>"; };
		D31884CA2AF50EED00AFE758 /* Create.swift */ = {isa = PBXFileReference; lastKnownFileType = sourcecode.swift; path = Create.swift; sourceTree = "<group>"; };
		D31884CC2AF5174000AFE758 /* FunRand.swift */ = {isa = PBXFileReference; lastKnownFileType = sourcecode.swift; path = FunRand.swift; sourceTree = "<group>"; };
		D39C0E612AFFD03B00942BBA /* NextElementsChooseType.swift */ = {isa = PBXFileReference; lastKnownFileType = sourcecode.swift; path = NextElementsChooseType.swift; sourceTree = "<group>"; };
		D39C0E642AFFED4000942BBA /* NextElement.swift */ = {isa = PBXFileReference; lastKnownFileType = sourcecode.swift; path = NextElement.swift; sourceTree = "<group>"; };
		D3F34FCB2AF5275E00B0F9AE /* Process.swift */ = {isa = PBXFileReference; lastKnownFileType = sourcecode.swift; path = Process.swift; sourceTree = "<group>"; };
/* End PBXFileReference section */

/* Begin PBXFrameworksBuildPhase section */
		D31884B72AF509A100AFE758 /* Frameworks */ = {
			isa = PBXFrameworksBuildPhase;
			buildActionMask = 2147483647;
			files = (
			);
			runOnlyForDeploymentPostprocessing = 0;
		};
/* End PBXFrameworksBuildPhase section */

/* Begin PBXGroup section */
		D31884B12AF509A100AFE758 = {
			isa = PBXGroup;
			children = (
				D31884BC2AF509A100AFE758 /* System Modelling */,
				D31884BB2AF509A100AFE758 /* Products */,
			);
			sourceTree = "<group>";
		};
		D31884BB2AF509A100AFE758 /* Products */ = {
			isa = PBXGroup;
			children = (
				D31884BA2AF509A100AFE758 /* System Modelling */,
			);
			name = Products;
			sourceTree = "<group>";
		};
		D31884BC2AF509A100AFE758 /* System Modelling */ = {
			isa = PBXGroup;
			children = (
				D39C0E632AFFED2600942BBA /* Elements */,
				D31884C82AF50CDC00AFE758 /* Distribution.swift */,
				D31884BD2AF509A100AFE758 /* main.swift */,
				D31884C42AF509F800AFE758 /* Model.swift */,
				D31884CC2AF5174000AFE758 /* FunRand.swift */,
			);
			path = "System Modelling";
			sourceTree = "<group>";
		};
		D39C0E632AFFED2600942BBA /* Elements */ = {
			isa = PBXGroup;
			children = (
				D31884CA2AF50EED00AFE758 /* Create.swift */,
				D31884C62AF50A4200AFE758 /* Element.swift */,
				D3F34FCB2AF5275E00B0F9AE /* Process.swift */,
				D39C0E612AFFD03B00942BBA /* NextElementsChooseType.swift */,
				D39C0E642AFFED4000942BBA /* NextElement.swift */,
			);
			path = Elements;
			sourceTree = "<group>";
		};
/* End PBXGroup section */

/* Begin PBXNativeTarget section */
		D31884B92AF509A100AFE758 /* System Modelling */ = {
			isa = PBXNativeTarget;
			buildConfigurationList = D31884C12AF509A100AFE758 /* Build configuration list for PBXNativeTarget "System Modelling" */;
			buildPhases = (
				D31884B62AF509A100AFE758 /* Sources */,
				D31884B72AF509A100AFE758 /* Frameworks */,
				D31884B82AF509A100AFE758 /* CopyFiles */,
			);
			buildRules = (
			);
			dependencies = (
			);
			name = "System Modelling";
			productName = "System Modelling";
			productReference = D31884BA2AF509A100AFE758 /* System Modelling */;
			productType = "com.apple.product-type.tool";
		};
/* End PBXNativeTarget section */

/* Begin PBXProject section */
		D31884B22AF509A100AFE758 /* Project object */ = {
			isa = PBXProject;
			attributes = {
				BuildIndependentTargetsInParallel = 1;
				LastSwiftUpdateCheck = 1500;
				LastUpgradeCheck = 1500;
				TargetAttributes = {
					D31884B92AF509A100AFE758 = {
						CreatedOnToolsVersion = 15.0;
					};
				};
			};
			buildConfigurationList = D31884B52AF509A100AFE758 /* Build configuration list for PBXProject "System Modelling" */;
			compatibilityVersion = "Xcode 14.0";
			developmentRegion = en;
			hasScannedForEncodings = 0;
			knownRegions = (
				en,
				Base,
			);
			mainGroup = D31884B12AF509A100AFE758;
			productRefGroup = D31884BB2AF509A100AFE758 /* Products */;
			projectDirPath = "";
			projectRoot = "";
			targets = (
				D31884B92AF509A100AFE758 /* System Modelling */,
			);
		};
/* End PBXProject section */

/* Begin PBXSourcesBuildPhase section */
		D31884B62AF509A100AFE758 /* Sources */ = {
			isa = PBXSourcesBuildPhase;
			buildActionMask = 2147483647;
			files = (
				D31884BE2AF509A100AFE758 /* main.swift in Sources */,
				D39C0E652AFFED4000942BBA /* NextElement.swift in Sources */,
				D31884CB2AF50EED00AFE758 /* Create.swift in Sources */,
				D31884CD2AF5174000AFE758 /* FunRand.swift in Sources */,
				D31884C92AF50CDC00AFE758 /* Distribution.swift in Sources */,
				D31884C72AF50A4200AFE758 /* Element.swift in Sources */,
				D31884C52AF509F800AFE758 /* Model.swift in Sources */,
				D39C0E622AFFD03B00942BBA /* NextElementsChooseType.swift in Sources */,
				D3F34FCC2AF5275E00B0F9AE /* Process.swift in Sources */,
			);
			runOnlyForDeploymentPostprocessing = 0;
		};
/* End PBXSourcesBuildPhase section */

/* Begin XCBuildConfiguration section */
		D31884BF2AF509A100AFE758 /* Debug */ = {
			isa = XCBuildConfiguration;
			buildSettings = {
				ALWAYS_SEARCH_USER_PATHS = NO;
				ASSETCATALOG_COMPILER_GENERATE_SWIFT_ASSET_SYMBOL_EXTENSIONS = YES;
				CLANG_ANALYZER_NONNULL = YES;
				CLANG_ANALYZER_NUMBER_OBJECT_CONVERSION = YES_AGGRESSIVE;
				CLANG_CXX_LANGUAGE_STANDARD = "gnu++20";
				CLANG_ENABLE_MODULES = YES;
				CLANG_ENABLE_OBJC_ARC = YES;
				CLANG_ENABLE_OBJC_WEAK = YES;
				CLANG_WARN_BLOCK_CAPTURE_AUTORELEASING = YES;
				CLANG_WARN_BOOL_CONVERSION = YES;
				CLANG_WARN_COMMA = YES;
				CLANG_WARN_CONSTANT_CONVERSION = YES;
				CLANG_WARN_DEPRECATED_OBJC_IMPLEMENTATIONS = YES;
				CLANG_WARN_DIRECT_OBJC_ISA_USAGE = YES_ERROR;
				CLANG_WARN_DOCUMENTATION_COMMENTS = YES;
				CLANG_WARN_EMPTY_BODY = YES;
				CLANG_WARN_ENUM_CONVERSION = YES;
				CLANG_WARN_INFINITE_RECURSION = YES;
				CLANG_WARN_INT_CONVERSION = YES;
				CLANG_WARN_NON_LITERAL_NULL_CONVERSION = YES;
				CLANG_WARN_OBJC_IMPLICIT_RETAIN_SELF = YES;
				CLANG_WARN_OBJC_LITERAL_CONVERSION = YES;
				CLANG_WARN_OBJC_ROOT_CLASS = YES_ERROR;
				CLANG_WARN_QUOTED_INCLUDE_IN_FRAMEWORK_HEADER = YES;
				CLANG_WARN_RANGE_LOOP_ANALYSIS = YES;
				CLANG_WARN_STRICT_PROTOTYPES = YES;
				CLANG_WARN_SUSPICIOUS_MOVE = YES;
				CLANG_WARN_UNGUARDED_AVAILABILITY = YES_AGGRESSIVE;
				CLANG_WARN_UNREACHABLE_CODE = YES;
				CLANG_WARN__DUPLICATE_METHOD_MATCH = YES;
				COPY_PHASE_STRIP = NO;
				DEBUG_INFORMATION_FORMAT = dwarf;
				ENABLE_STRICT_OBJC_MSGSEND = YES;
				ENABLE_TESTABILITY = YES;
				ENABLE_USER_SCRIPT_SANDBOXING = YES;
				GCC_C_LANGUAGE_STANDARD = gnu17;
				GCC_DYNAMIC_NO_PIC = NO;
				GCC_NO_COMMON_BLOCKS = YES;
				GCC_OPTIMIZATION_LEVEL = 0;
				GCC_PREPROCESSOR_DEFINITIONS = (
					"DEBUG=1",
					"$(inherited)",
				);
				GCC_WARN_64_TO_32_BIT_CONVERSION = YES;
				GCC_WARN_ABOUT_RETURN_TYPE = YES_ERROR;
				GCC_WARN_UNDECLARED_SELECTOR = YES;
				GCC_WARN_UNINITIALIZED_AUTOS = YES_AGGRESSIVE;
				GCC_WARN_UNUSED_FUNCTION = YES;
				GCC_WARN_UNUSED_VARIABLE = YES;
				LOCALIZATION_PREFERS_STRING_CATALOGS = YES;
				MACOSX_DEPLOYMENT_TARGET = 12.4;
				MTL_ENABLE_DEBUG_INFO = INCLUDE_SOURCE;
				MTL_FAST_MATH = YES;
				ONLY_ACTIVE_ARCH = YES;
				SDKROOT = macosx;
				SWIFT_ACTIVE_COMPILATION_CONDITIONS = "DEBUG $(inherited)";
				SWIFT_OPTIMIZATION_LEVEL = "-Onone";
			};
			name = Debug;
		};
		D31884C02AF509A100AFE758 /* Release */ = {
			isa = XCBuildConfiguration;
			buildSettings = {
				ALWAYS_SEARCH_USER_PATHS = NO;
				ASSETCATALOG_COMPILER_GENERATE_SWIFT_ASSET_SYMBOL_EXTENSIONS = YES;
				CLANG_ANALYZER_NONNULL = YES;
				CLANG_ANALYZER_NUMBER_OBJECT_CONVERSION = YES_AGGRESSIVE;
				CLANG_CXX_LANGUAGE_STANDARD = "gnu++20";
				CLANG_ENABLE_MODULES = YES;
				CLANG_ENABLE_OBJC_ARC = YES;
				CLANG_ENABLE_OBJC_WEAK = YES;
				CLANG_WARN_BLOCK_CAPTURE_AUTORELEASING = YES;
				CLANG_WARN_BOOL_CONVERSION = YES;
				CLANG_WARN_COMMA = YES;
				CLANG_WARN_CONSTANT_CONVERSION = YES;
				CLANG_WARN_DEPRECATED_OBJC_IMPLEMENTATIONS = YES;
				CLANG_WARN_DIRECT_OBJC_ISA_USAGE = YES_ERROR;
				CLANG_WARN_DOCUMENTATION_COMMENTS = YES;
				CLANG_WARN_EMPTY_BODY = YES;
				CLANG_WARN_ENUM_CONVERSION = YES;
				CLANG_WARN_INFINITE_RECURSION = YES;
				CLANG_WARN_INT_CONVERSION = YES;
				CLANG_WARN_NON_LITERAL_NULL_CONVERSION = YES;
				CLANG_WARN_OBJC_IMPLICIT_RETAIN_SELF = YES;
				CLANG_WARN_OBJC_LITERAL_CONVERSION = YES;
				CLANG_WARN_OBJC_ROOT_CLASS = YES_ERROR;
				CLANG_WARN_QUOTED_INCLUDE_IN_FRAMEWORK_HEADER = YES;
				CLANG_WARN_RANGE_LOOP_ANALYSIS = YES;
				CLANG_WARN_STRICT_PROTOTYPES = YES;
				CLANG_WARN_SUSPICIOUS_MOVE = YES;
				CLANG_WARN_UNGUARDED_AVAILABILITY = YES_AGGRESSIVE;
				CLANG_WARN_UNREACHABLE_CODE = YES;
				CLANG_WARN__DUPLICATE_METHOD_MATCH = YES;
				COPY_PHASE_STRIP = NO;
				DEBUG_INFORMATION_FORMAT = "dwarf-with-dsym";
				ENABLE_NS_ASSERTIONS = NO;
				ENABLE_STRICT_OBJC_MSGSEND = YES;
				ENABLE_USER_SCRIPT_SANDBOXING = YES;
				GCC_C_LANGUAGE_STANDARD = gnu17;
				GCC_NO_COMMON_BLOCKS = YES;
				GCC_WARN_64_TO_32_BIT_CONVERSION = YES;
				GCC_WARN_ABOUT_RETURN_TYPE = YES_ERROR;
				GCC_WARN_UNDECLARED_SELECTOR = YES;
				GCC_WARN_UNINITIALIZED_AUTOS = YES_AGGRESSIVE;
				GCC_WARN_UNUSED_FUNCTION = YES;
				GCC_WARN_UNUSED_VARIABLE = YES;
				LOCALIZATION_PREFERS_STRING_CATALOGS = YES;
				MACOSX_DEPLOYMENT_TARGET = 12.4;
				MTL_ENABLE_DEBUG_INFO = NO;
				MTL_FAST_MATH = YES;
				SDKROOT = macosx;
				SWIFT_COMPILATION_MODE = wholemodule;
			};
			name = Release;
		};
		D31884C22AF509A100AFE758 /* Debug */ = {
			isa = XCBuildConfiguration;
			buildSettings = {
				CODE_SIGN_STYLE = Automatic;
				DEVELOPMENT_TEAM = V6FC2DVK94;
				ENABLE_HARDENED_RUNTIME = YES;
				PRODUCT_NAME = "$(TARGET_NAME)";
				SWIFT_VERSION = 5.0;
			};
			name = Debug;
		};
		D31884C32AF509A100AFE758 /* Release */ = {
			isa = XCBuildConfiguration;
			buildSettings = {
				CODE_SIGN_STYLE = Automatic;
				DEVELOPMENT_TEAM = V6FC2DVK94;
				ENABLE_HARDENED_RUNTIME = YES;
				PRODUCT_NAME = "$(TARGET_NAME)";
				SWIFT_VERSION = 5.0;
			};
			name = Release;
		};
/* End XCBuildConfiguration section */

/* Begin XCConfigurationList section */
		D31884B52AF509A100AFE758 /* Build configuration list for PBXProject "System Modelling" */ = {
			isa = XCConfigurationList;
			buildConfigurations = (
				D31884BF2AF509A100AFE758 /* Debug */,
				D31884C02AF509A100AFE758 /* Release */,
			);
			defaultConfigurationIsVisible = 0;
			defaultConfigurationName = Release;
		};
		D31884C12AF509A100AFE758 /* Build configuration list for PBXNativeTarget "System Modelling" */ = {
			isa = XCConfigurationList;
			buildConfigurations = (
				D31884C22AF509A100AFE758 /* Debug */,
				D31884C32AF509A100AFE758 /* Release */,
			);
			defaultConfigurationIsVisible = 0;
			defaultConfigurationName = Release;
		};
/* End XCConfigurationList section */
	};
	rootObject = D31884B22AF509A100AFE758 /* Project object */;
}
